{
    "_meta": {
        "hash": {
            "sha256": "91a51911e9c3da0c935d70aef8f0c1bfda47722adcee1889dff0f35348585131"
        },
        "pipfile-spec": 6,
        "requires": {
            "python_version": "3.11"
        },
        "sources": [
            {
                "name": "devpi",
                "url": "https://pypi-dev.plos.org/developer/dev/+simple/",
                "verify_ssl": true
            }
        ]
    },
    "default": {
        "appdirs": {
            "hashes": [
                "sha256:9e5896d1372858f8dd3344faf4e5014d21849c756c8d5701f78f8a103b372d92",
                "sha256:d8b24664561d0d34ddfaec54636d502d7cea6e29c3eaf68f3df6180863e2166e"
            ],
            "index": "devpi",
            "version": "==1.4.3"
        },
        "appium-python-client": {
            "hashes": [
                "sha256:54e57d5894070b62cf36b0c3805cce643980fee6561c9af97b5042d64e4d188f"
            ],
            "index": "devpi",
            "version": "==0.31"
        },
        "atomicwrites": {
            "hashes": [
                "sha256:81b2c9071a49367a7f770170e5eec8cb66567cfbbc8c73d20ce5ca4a8d71cf11"
            ],
            "markers": "sys_platform == 'win32'",
            "version": "==1.4.1"
        },
        "attrs": {
            "hashes": [
                "sha256:935dc3b529c262f6cf76e50877d35a4bd3c1de194fd41f47a2b7ae8f19971f30",
                "sha256:99b87a485a5820b23b879f04c2305b44b951b502fd64be915879d77a7e8fc6f1"
            ],
            "markers": "python_version >= '3.7'",
            "version": "==23.2.0"
        },
        "beautifulsoup4": {
            "hashes": [
                "sha256:5279c36b4b2ec2cb4298d723791467e3000e5384a43ea0cdf5d45207c7e97169",
                "sha256:6135db2ba678168c07950f9a16c4031822c6f4aec75a65e0a97bc5ca09789931",
                "sha256:dcdef580e18a76d54002088602eba453eec38ebbcafafeaabd8cab12b6155d57"
            ],
            "index": "devpi",
            "version": "==4.8.1"
        },
        "cachetools": {
            "hashes": [
                "sha256:0abad1021d3f8325b2fc1d2e9c8b9c9d57b04c3932657a72465447332c24d945",
                "sha256:ba29e2dfa0b8b556606f097407ed1aa62080ee108ab0dc5ec9d6a723a007d105"
            ],
            "markers": "python_version >= '3.7'",
            "version": "==5.3.3"
        },
        "certifi": {
            "hashes": [
                "sha256:0569859f95fc761b18b45ef421b1290a0f65f147e92a1e5eb3e635f9a5e4e66f",
                "sha256:dc383c07b76109f368f6106eee2b593b04a011ea4d55f652c6ca24a754d1cdd1"
            ],
            "markers": "python_version >= '3.6'",
            "version": "==2024.2.2"
        },
        "chardet": {
            "hashes": [
                "sha256:84ab92ed1c4d4f16916e05906b6b75a6c0fb5db821cc65e70cbd64a3e2a5eaae",
                "sha256:fc323ffcaeaed0e0a02bf4d117757b98aed530d9ed4531e3e15460124c106691"
            ],
            "version": "==3.0.4"
        },
        "colorama": {
            "hashes": [
                "sha256:08695f5cb7ed6e0531a20572697297273c47b8cae5a63ffc6d6ed5c201be6e44",
                "sha256:4f1d9991f5acc0ca119f9d443620b77f9d6b33703e51011c16baf57afb285fc6",
                "sha256:96e0137fb3ab6b56576b4638116d77c59f3e0565f4ea081172e4721c722afa92",
                "sha256:bc3a1efa0b297242dcd0757e2e83d358bcd18bda77735e493aa89a634e74c9bf"
            ],
            "markers": "sys_platform == 'win32'",
            "version": "==0.4.6"
        },
        "coloredlogs": {
            "hashes": [
                "sha256:612ee75c546f53e92e70049c9dbfcc18c935a2b9a53b66085ce9ef6a6e5c0934",
                "sha256:7c991aa71a4577af2f82600d8f8f3a89f936baeaf9b50a9c197da014e5bf16b0"
            ],
            "index": "devpi",
            "markers": "python_version >= '2.7' and python_version not in '3.0, 3.1, 3.2, 3.3, 3.4'",
            "version": "==15.0.1"
        },
        "config": {
            "hashes": [
                "sha256:bec126d9e550c2b03c815d20121a73a17b9f78b5a36c749a07db573dd712c206"
            ],
            "index": "devpi",
            "version": "==0.4.2"
        },
        "entrypoints": {
            "hashes": [
                "sha256:589f874b313739ad35be6e0cd7efde2a4e9b6fea91edcc34e58ecbb8dbe56d19",
                "sha256:c70dd71abe5a8c85e55e12c19bd91ccfeec11a6e99044204511f9ed547d48451"
            ],
            "markers": "python_version >= '2.7'",
            "version": "==0.3"
        },
        "enum34": {
            "hashes": [
                "sha256:2d81cbbe0e73112bdfe6ef8576f2238f2ba27dd0d55752a776c41d38b7da2850",
                "sha256:644837f692e5f550741432dd3f223bbb9852018674981b1664e5dc339387588a",
                "sha256:6bd0f6ad48ec2aa117d3d141940d484deccda84d4fcd884f5c3d93c23ecd8c79",
                "sha256:8ad8c4783bf61ded74527bffb48ed9b54166685e4230386a9ed9b1279e2df5b1"
            ],
            "index": "devpi",
            "version": "==1.1.6"
        },
        "execnet": {
            "hashes": [
                "sha256:26dee51f1b80cebd6d0ca8e74dd8745419761d3bef34163928cbebbdc4749fdc",
                "sha256:5189b52c6121c24feae288166ab41b32549c7e2348652736540b9e6e7d4e72e3"
            ],
            "markers": "python_version >= '3.8'",
            "version": "==2.1.1"
        },
        "flake8": {
            "hashes": [
                "sha256:19241c1cbc971b9962473e4438a2ca19749a7dd002dd1a946eaba171b4114548",
                "sha256:8e9dfa3cecb2400b3738a42c54c3043e821682b9c840b0448c0503f781130696"
            ],
            "index": "devpi",
            "markers": "python_version >= '2.7' and python_version not in '3.0, 3.1, 3.2, 3.3'",
            "version": "==3.7.8"
        },
        "glob2": {
            "hashes": [
                "sha256:85c3dbd07c8aa26d63d7aacee34fa86e9a91a3873bc30bf62ec46e531f92ab8c"
            ],
            "version": "==0.7"
        },
        "google-api-core": {
            "extras": [
                "grpc"
            ],
            "hashes": [
                "sha256:4c1ff25b66cf466381c07e5fe0a3a69ae75393e20f59a2340cea8d22f173fc36",
                "sha256:8661eec4078c35428fd3f69a2c7ee29e342896b70f01d1a1cbcb334372dd6251",
                "sha256:cf1b7c2694047886d2af1128a03ae99e391108a08804f87cfd35970e49c9cd10",
                "sha256:dd63eca1de044fd7f33d1d0619f6b37e5025000ce81cbfa1649e065e8b6f9c3e"
            ],
            "markers": "python_version >= '3.7'",
            "version": "==2.19.0"
        },
        "google-auth": {
            "hashes": [
                "sha256:672dff332d073227550ffc7457868ac4218d6c500b155fe6cc17d2b13602c360",
                "sha256:d452ad095688cd52bae0ad6fafe027f6a6d6f560e810fec20914e17a09526415"
            ],
            "markers": "python_version >= '3.7'",
            "version": "==2.29.0"
        },
        "google-cloud-core": {
            "hashes": [
                "sha256:9b7749272a812bde58fff28868d0c5e2f585b82f37e09a1f6ed2d4d10f134073",
                "sha256:a9e6a4422b9ac5c29f79a0ede9485473338e2ce78d91f2370c01e730eab22e61"
            ],
            "markers": "python_version >= '3.7'",
            "version": "==2.4.1"
        },
        "google-cloud-firestore": {
            "hashes": [
                "sha256:3347ac38346c2702134d4c81f652a5e3451c840a6237f28b844501bd528e5fd8",
                "sha256:e61ae70229a6e532e439c8d16447a32024447f2ee4a2303fc4d054c258d6877f"
            ],
            "index": "devpi",
            "markers": "python_version >= '3.7'",
            "version": "==2.16.0"
        },
        "googleapis-common-protos": {
            "hashes": [
                "sha256:17ad01b11d5f1d0171c06d3ba5c04c54474e883b66b949722b4938ee2694ef4e",
                "sha256:ae45f75702f7c08b541f750854a678bd8f534a1a6bace6afe975f1d0a82d6632"
            ],
            "markers": "python_version >= '3.7'",
            "version": "==1.63.0"
        },
        "grpcio": {
            "hashes": [
                "sha256:0030716b960a57a4809fb3a51675446f94f52a03772c0522e4cdd70a2dd8d5fa",
                "sha256:01799e8649f9e94ba7db1aeb3452188048b0019dc37696b0f5ce212c87c560c3",
                "sha256:0697563d1d84d6985e40ec5ec596ff41b52abb3fd91ec240e8cb44a63b895094",
                "sha256:08e1559fd3b3b4468486b26b0af64a3904a8dbc78d8d936af9c1cf9636eb3e8b",
                "sha256:0a3888305fd4005e2533e42047380993bb5cb5fd7615b3964c596adffa5c39c7",
                "sha256:0d2aeccffb8f643b92e5909a5b63f70e2782c2d211aa75790b8815af8b931a85",
                "sha256:0d5066af81d5d9b100eb514c82ce8322de591b9f660b315f5284dd0988f4f709",
                "sha256:14038c204b93b410601e471e01a116cd5f4834d625d62118a34468866e8f8910",
                "sha256:15e7b22205fed61a183e42a9df20248f59a3fde195cb3639683b27edfba923f9",
                "sha256:166e5c460e5d7d4656ff9e63b13e1f6029b122104c1633d5f37eaea348d7356d",
                "sha256:174831fb2cb582ae7e0a8cb54bc769a9860612bfdbd7d2bb42425902ac46a385",
                "sha256:1a8d6f0eeb93cc41e05843b366247a3bb61c8decb61d170fe3f52bbb1f09faff",
                "sha256:1dba33b43a1e4e764754604ee60d65d256d0b89e3666dfbb340c2a6f3f5fa528",
                "sha256:1ff737cf29b5b801619f10e59b581869e32f400159e8b12d7a97e7e3bdeee6a2",
                "sha256:212fdacdb71c519525be7970f45579924b4fa2287be71e1b98fc195cad64e889",
                "sha256:219bb1848cd2c90348c79ed0a6b0ea51866bc7e72fa6e205e459fedab5770172",
                "sha256:259e11932230d70ef24a21b9fb5bb947eb4703f57865a404054400ee92f42f5d",
                "sha256:28666173a5586acd2616971b8ae094749dee5b9252887d2d46dc4e1d8892b0e6",
                "sha256:2a3f4d8d3eda63c54a113b19753ebb8344cd8bc5085e5cd7d9a1663a7f8f5073",
                "sha256:2af172791d3cc01d91c448c5678f431402babb36a795fd22f93dbe323cf69429",
                "sha256:2cb397139f7f74cf7a34decbfe990c399967494739d1bcca901234c9b57d32e1",
                "sha256:2d7b7d920a6cd4ffc1226b37ae78a1c0c86bb97e98d478fdb45f4284ac406d62",
                "sha256:2e93aca840c29d4ab5db93f94ed0a0ca899e241f2e8aec6334ab3575dc46125c",
                "sha256:2ef401efe30dee061c2e37c9973d3c3ccad5f023626eea58aec2be9c31d1f40c",
                "sha256:2faa1a4696117d596329cc47dd9cf980e752a392ce0d8dc5ee5865a9c84c5d85",
                "sha256:306dfd6fe96dc05e4cf7e29d97b95faad2980f160b2315a21724ba22dfa733b6",
                "sha256:31545cfa3d4656e2ea1a017b7db231d637d2ecab61e5fa995479896f39030c4b",
                "sha256:32d3794996800ab0ec1f2607a567ceb93f20e864bf337bf654098834fd66d98b",
                "sha256:33b937152ca96a6c5d63811a511e2c90b9cf594588561a012fca9e78bd1ab76c",
                "sha256:39a50b58ad6c06db1405ffae4066ac8a31dbd921c52ddfc4974f09d15203708b",
                "sha256:3a6d1f9ea965e750db7b4ee6f9fdef5fdf135abe8a249e75d84b0a3e0c668a1b",
                "sha256:3c557352f47939aa1c7706e25340d016f63a3328d2ba6ce636f7527ba5989a9b",
                "sha256:3f0a0e103a4016f6370815b02ba4c4f4ce0b19d214bbb8f3888624ec34b95310",
                "sha256:42798043821b814e57977907ef05c87fb0fbd64b37053569db8b337fa6e51400",
                "sha256:45c61a1acb1e712cac8295642f5bd1c16596b1d6b14474269d8597e57068f1f4",
                "sha256:46f39b700380be87504f0912a6281b1110d2921df701505461530c5e4a7cc1dc",
                "sha256:4b1f166d65f2a2db0d68a5f647b48e358267e90ba37dc44f8b57ef9203fb52ca",
                "sha256:501ee172c5de8a36cb93cd4f6265a803ef2d8efe796287666574df4aa699ee97",
                "sha256:50344663068041b34a992c19c600236e7abb42d6ec32567916b87b4c8b8833b3",
                "sha256:54eea472082f9aab408b0f55443d654ae6723ab8b946db23940d5f589f3effd9",
                "sha256:5634f3974f4fba7f7d782af410b194e21f8a4a72eabf3691cfc822829ac2d67c",
                "sha256:56cdf96ff82e3cc90dbe8bac260352993f23e8e256e063c327b6cf9c88daf7a9",
                "sha256:5905e7f7958f56595d517b1899447546043660f0c069efc8c29c98366d565472",
                "sha256:5c039ef01516039fa39da8a8a43a95b64e288f79f42a17e6c2904a02a319b357",
                "sha256:62efd2727cad7b79b67b354412de743929090b98b3f0311721c9ce0999a0c9fe",
                "sha256:6426e1fb92d006e47476d42b8f240c1d916a6d4423c5258ccc5b105e43438f61",
                "sha256:65bf975639a1f93bee63ca60d2e4951f1b543f498d581869922910a476ead2f5",
                "sha256:6a1a3642d76f887aa4009d92f71eb37809abceb3b7b5a1eec9c554a246f20e3a",
                "sha256:6ba1ed3385e09b2166a0deae6c6f4ff6842ce06ba4c9131c002341516c4e9569",
                "sha256:6d83af075074991cff1eda95d89e5ab2e609514248d35b5d0473866d4a224dcd",
                "sha256:6ef0ad92873672a2a3767cb827b64741c363ebaa27e7f21659e4e31f4d750280",
                "sha256:710c550374aba238bafdb5e3e4d57d7d2e96df56fa7399cf96a1b8402a8b9a14",
                "sha256:72a49258bf0511a772ae50fa18edc5eb5364467e05ce8dd62f14e33f3a82ad1f",
                "sha256:756fed02dacd24e8f488f295a913f250b56b98fb793f41d5b2de6c44fb762434",
                "sha256:75f701ff645858a2b16bc8c9fc68af215a8bb2d5a9b647448129de6e85d52bce",
                "sha256:7804b1afec8245e505ac83148b8260b056d1d2c693f74650b4148599e9c574ed",
                "sha256:786934cbdc9dca44e0322a493d99aa74739bdcbe845c6bba60f68424cf278ae2",
                "sha256:7a6ba98216e492ccd60d6466b02cadfaf310ac295028feefa585b3aea65c88ed",
                "sha256:7df848dece737d3ea7f2111886026d556f9dc13d261fb67d5676de99985cef52",
                "sha256:8064d986d3a64ba21e498b9a376cbc5d6ab2e8ab0e288d39f266f0fca169b90d",
                "sha256:82928ec3f20d65a54aa4cd3701ae4e6920e43659d187bd4bdd9c6c77bd683968",
                "sha256:834bb23fe4b00850f0bc35c6ef29cf2b7b6b634091622466a14251592f7f257e",
                "sha256:83fa8739db05ea9005612a3685239f86d59a392a09bd38e3d0e02949c2479380",
                "sha256:84546d97289ea1726a0a0c0f124c92d64866ab41fc6e554df57872ad69ec20f2",
                "sha256:878b1d88d0137df60e6b09b74cdb73db123f9579232c8456f53e9abc4f62eb3c",
                "sha256:88da043be8ea9a07bd9b850c0625a68d9e77e1e289d7c32d8250838df938d040",
                "sha256:8f3f6883ce54a7a5f47db43289a0a4c776487912de1a0e2cc83fdaec9685cc9f",
                "sha256:8f825ee9d73e080d5ee8911ad4845a94874ab318a35680a3e2aa2e4cc297ecee",
                "sha256:8fd4d38a7212bc8b26c3634cd1ee20b207753c432215b2e8611cec4b2c225e74",
                "sha256:9032c3844538584b0bbac502d4df8901423390127fc23751a685738338a57f8e",
                "sha256:91b73d3f1340fefa1e1716c8c1ec9930c676d6b10a3513ab6c26004cb02d8b3f",
                "sha256:9265bb949e3b8a5e837b44c3962c09109c0ecb2a62d86f91df5336f327f50886",
                "sha256:936f9efff43a797587a27229aeb18c0b58d4da24eceb2232cf2226b730ce3045",
                "sha256:93a46794cc96c3a674cdfb59ef9ce84d46185fe9421baf2268ccb556f8f81f57",
                "sha256:93f45f27f516548e23e4ec3fbab21b060416007dbe768a111fc4611464cc773f",
                "sha256:9a55a003177756c1fae68e1a7699c5548dd45caa6fcc4828c0014c8618d6086a",
                "sha256:9adaec57b4e3ce58b9fce7582910103a14b3e414cd19cf977781e64a1717b303",
                "sha256:9c03daa1665ac2dad5d899c272c99360689bbc6160627063b1999a02e4759d77",
                "sha256:9d1b38a26e16582c4f8b8c6fc3ab627ea7b9959d063d7d87463a6d18a3e28684",
                "sha256:9d68c72e1e11db38e0c6d60061a19bfcb9e68f83cc833ee3ebb9d90afb79d466",
                "sha256:9e350cb096e5c67832e9b6e018cf8a0d2a53b2a958f6251615173165269a91b0",
                "sha256:a18ea466705f7d020627cb75b7c176174c4a554fd4dd5394931eba5d86480d5c",
                "sha256:a2d60cd1d58817bc5985fae6168d8b5655c4981d448d0f5b6194bbcc038090d2",
                "sha256:a3abfe0b0f6798dedd2e9e92e881d9acd0fdb62ae27dcbbfa7654a57e24060c0",
                "sha256:a44624aad77bf8ca198c55af811fd28f2b3eaf0a50ec5b57b06c034416ef2d0a",
                "sha256:a5b332d2978ca966e118cfb95edac54089f5d064553add3b48dda9722a3f7b0b",
                "sha256:a7b19dfc74d0be7032ca1eda0ed545e582ee46cd65c162f9e9fc6b26ef827dc6",
                "sha256:a80c1eba60f18fb459de8fba5dc376f74ed568d3a9924eba1f1501674ebaf38c",
                "sha256:a947ad7c2a809cdc011f7c302f2dee2ffcda2f28ceb2b33a9eb86b9b7652c20b",
                "sha256:a9ec8fe2892e89220fcc458f29bdaa21ffc3a75a86aa632cb52c310a726f3599",
                "sha256:aa91c21cd0011965369d3f6bb3477c6dd5b1b934508a28fbc74408e6152ec5c1",
                "sha256:acd228880a8be75798b2920f0569c6ac5e07d0b571ec04868b260e53257231ef",
                "sha256:ad2ac8903b2eae071055a927ef74121ed52d69468e91d9bcbd028bd0e554be6d",
                "sha256:b005292369d9c1f80bf70c1db1c17c6c342da7576f1c689e8eee4fb0c256af85",
                "sha256:b030ca70a3f173f08498024542dfe9e6d04999f9aa1fcfd0a59c48953e915f39",
                "sha256:b2189831d71dd7c30c5c48bd431e1376290e8b43514cee8345956f95ef908869",
                "sha256:b2e44f59316716532a993ca2966636df6fbe7be4ab6f099de6815570ebe4383a",
                "sha256:b34c67ab89cd29ebbe340d629b740dfd5e3690f5ada40a8feb35b88bc5202e60",
                "sha256:b3afbd9d6827fa6f475a4f91db55e441113f6d3eb9b7ebb8fb806e5bb6d6bd0d",
                "sha256:b416252ac5588d9dfb8a30a191451adbf534e9ce5f56bb02cd193f12d8845b7f",
                "sha256:b4e0058bd38783bebfbdbb93481856153122f862c7c3716a0f701812cd404cec",
                "sha256:b5194775fec7dc3dbd6a935102bb156cd2c35efe1685b0a46c67b927c74f0cfb",
                "sha256:b6f89ab3e33470935c5c359a6e355c130ec64ca650fbb40c007a2a857e82dda1",
                "sha256:b81cbd15f81c4b2f9d8219f3fa58291c720d93d56d468988cae97a9dc4fd1a24",
                "sha256:b88c0f27f3181c902b05367e548d6956083d1c80bbaf7b79856033bb9dd2f16e",
                "sha256:bc2646f4ac30df7f6f358d3b6e10e26e3015d78a72cd41effa59b847feada604",
                "sha256:c1b72c9ea314cd5c544aaf7fefa717d0a41226009431b1ab477343bd53975585",
                "sha256:c4c42dec9e60b37d8e5c7b536687a2452390ccc9db3ea101f1aeef6c40283450",
                "sha256:ca2f8e47f5b40d7bb90295772d6ba5b67fa0266aaf2669852165d78948ab61ec",
                "sha256:cacdef0348a08e475a721967f48206a2254a1b26ee7637638d9e081761a5ba86",
                "sha256:cd1e68776262dd44dedd7381b1a0ad09d9930ffb405f737d64f505eb7f77d6c7",
                "sha256:cdcda1156dcc41e042d1e899ba1f5c2e9f3cd7625b3d6ebfa619806a4c1aadda",
                "sha256:cf8dae9cc0412cb86c8de5a8f3be395c5119a370f3ce2e69c8b7d46bb9872c8d",
                "sha256:d2497769895bb03efe3187fb1888fc20e98a5f18b3d14b606167dacda5789434",
                "sha256:d3f5debe4e99586d6d8e37bd5816fa3c40a5df566d24d538c766601955a61655",
                "sha256:d6d4c32d5f85d4a7ddd0981ecc8ba4948f5a196c889b9f13d9d13b89e32b80c4",
                "sha256:d85b5d77eb9673638886b4db4f86a3def98025d1ca5f7397bab862bef48843d0",
                "sha256:dce834ef99fb3b0ebb2f83687306c76c846b0e7d2287c25288ab9e07724249ae",
                "sha256:dd7e9ae42e2126cdafd4d61a952b081b6b9829cdf3d9c7388097d0886428d44c",
                "sha256:de090eb2b1e4282b81b9a299379328a4607548a98091a24b3b7d707e141c2d71",
                "sha256:df9ac0060242e9d14d430974b5fc7ef54e39f0d281b9120bfb0eaaf38a839daf",
                "sha256:e3b77eaefc74d7eb861d3ffbdf91b50a1bb1639514ebe764c47773b833fa2d91",
                "sha256:e48cee31bc5f5a31fb2f3b573764bd563aaa5472342860edcc7039525b53e46a",
                "sha256:e4cbb2100ee46d024c45920d16e888ee5d3cf47c66e316210bc236d5bebc42b3",
                "sha256:e5618a30250a16bf0951fbc54c025d4a170ca29ba4c335001885c6caaef32f5b",
                "sha256:e788972f50bab6fae1c3f03774478b513c717b4d77e0706bd9a736145262fde6",
                "sha256:e8ad1504f8840b4951ec6afcbe534432a27263aa1ddded2a2ff492a820a2f10e",
                "sha256:e8d314b73ee0d1f7f3dce269e94ffab213351b7ef8201dceb2d059d40839b32a",
                "sha256:ebe816b9434502819d2f4d43d4bddee1441783c478496e101fd45d873df25ab8",
                "sha256:ec217a1eaab6870ecac05f9598e3752170a766440e43a3dbdfd4ac7363c7f875",
                "sha256:ee41d4e5dcd6ca24086322f266a693a88e9c44a5f401d75b8b51b6c05b030255",
                "sha256:efb38280833c02a51500dc984d5a2f2b384fadef4390af5bdb88275bbd486925",
                "sha256:f28f8b2db7b86c77916829d64ab21ff49a9d8289ea1564a2b2a3a8ed9ffcccd3",
                "sha256:f3023e14805c61bc439fb40ca545ac3d5740ce66120a678a3c6c2c55b70343d1",
                "sha256:f6678424de576cd32f5550576019b1f93e25be0100f3698205381ac229525869",
                "sha256:f688d90802a52822a3cd6020dc0a72dcbb02a44a6a131f54b9bcca66f6b42ca9",
                "sha256:fdf348ae69c6ff484402cfdb14e18c1b0054ac2420079d575c53a60b9b2853ae",
                "sha256:fea675967e0d4b330ceb38f7db5c83f0f8dccf5b2abf697210613676b519b971"
            ],
            "version": "==1.63.0"
        },
        "grpcio-status": {
            "hashes": [
                "sha256:206ddf0eb36bc99b033f03b2c8e95d319f0044defae9b41ae21408e7e0cda48f",
                "sha256:62e1bfcb02025a1cd73732a2d33672d3e9d0df4d21c12c51e0bbcaf09bab742a"
            ],
            "version": "==1.62.2"
        },
        "humanfriendly": {
            "hashes": [
                "sha256:1697e1a8a8f550fd43c2865cd84542fc175a61dcb779b6fee18cf6b6ccba1477",
                "sha256:6b0b831ce8f15f7300721aa49829fc4e83921a9a301cc7f606be6686a2288ddc"
            ],
            "markers": "python_version >= '2.7' and python_version not in '3.0, 3.1, 3.2, 3.3, 3.4'",
            "version": "==10.0"
        },
        "idna": {
            "hashes": [
                "sha256:c357b3f628cf53ae2c4c05627ecc484553142ca23264e593d327bcde5e9c3407",
                "sha256:ea8b7f6188e6fa117537c3df7da9fc686d485087abf6ac197f9c46432f7e4a3c"
            ],
            "version": "==2.8"
        },
        "iniconfig": {
            "hashes": [
                "sha256:2d91e135bf72d31a410b17c16da610a82cb55f6b0477d1a902134b24a455b8b3",
                "sha256:b6a85871a79d2e3b22d2d1b94ac2824226a63c6b741c88f7ae975f18b6778374"
            ],
            "markers": "python_version >= '3.7'",
            "version": "==2.0.0"
        },
        "jsonpath": {
            "hashes": [
                "sha256:46d3fd2016cd5b842283d547877a02c418a0fe9aa7a6b0ae344115a2c990fef4",
                "sha256:d87ef2bcbcded68ee96bc34c1809b69457ecec9b0c4dd471658a12bd391002d1"
            ],
            "index": "devpi",
            "version": "==0.82"
        },
        "mako": {
            "hashes": [
                "sha256:260f1dbc3a519453a9c856dedfe4beb4e50bd5a26d96386cb6c80856556bb91a",
                "sha256:48dbc20568c1d276a2698b36d968fa76161bf127194907ea6fc594fa81f943bc"
            ],
            "markers": "python_version >= '3.8'",
            "version": "==1.3.5"
        },
        "markupsafe": {
            "hashes": [
                "sha256:00bc623926325b26bb9605ae9eae8a215691f33cae5df11ca5424f06f2d1f473",
                "sha256:09027a7803a62ca78792ad89403b1b7a73a01c8cb65909cd876f7fcebd79b161",
                "sha256:09c4b7f37d6c648cb13f9230d847adf22f8171b1ccc4d5682398e77f40309235",
                "sha256:1027c282dad077d0bae18be6794e6b6b8c91d58ed8a8d89a89d59693b9131db5",
                "sha256:13d3144e1e340870b25e7b10b98d779608c02016d5184cfb9927a9f10c689f42",
                "sha256:195d7d2c4fbb0ee8139a6cf67194f3973a6b3042d742ebe0a9ed36d8b6f0c07f",
                "sha256:22c178a091fc6630d0d045bdb5992d2dfe14e3259760e713c490da5323866c39",
                "sha256:24982cc2533820871eba85ba648cd53d8623687ff11cbb805be4ff7b4c971aff",
                "sha256:29872e92839765e546828bb7754a68c418d927cd064fd4708fab9fe9c8bb116b",
                "sha256:2beec1e0de6924ea551859edb9e7679da6e4870d32cb766240ce17e0a0ba2014",
                "sha256:3b8a6499709d29c2e2399569d96719a1b21dcd94410a586a18526b143ec8470f",
                "sha256:43a55c2930bbc139570ac2452adf3d70cdbb3cfe5912c71cdce1c2c6bbd9c5d1",
                "sha256:46c99d2de99945ec5cb54f23c8cd5689f6d7177305ebff350a58ce5f8de1669e",
                "sha256:500d4957e52ddc3351cabf489e79c91c17f6e0899158447047588650b5e69183",
                "sha256:535f6fc4d397c1563d08b88e485c3496cf5784e927af890fb3c3aac7f933ec66",
                "sha256:596510de112c685489095da617b5bcbbac7dd6384aeebeda4df6025d0256a81b",
                "sha256:62fe6c95e3ec8a7fad637b7f3d372c15ec1caa01ab47926cfdf7a75b40e0eac1",
                "sha256:6788b695d50a51edb699cb55e35487e430fa21f1ed838122d722e0ff0ac5ba15",
                "sha256:6dd73240d2af64df90aa7c4e7481e23825ea70af4b4922f8ede5b9e35f78a3b1",
                "sha256:6f1e273a344928347c1290119b493a1f0303c52f5a5eae5f16d74f48c15d4a85",
                "sha256:6fffc775d90dcc9aed1b89219549b329a9250d918fd0b8fa8d93d154918422e1",
                "sha256:717ba8fe3ae9cc0006d7c451f0bb265ee07739daf76355d06366154ee68d221e",
                "sha256:79855e1c5b8da654cf486b830bd42c06e8780cea587384cf6545b7d9ac013a0b",
                "sha256:7c1699dfe0cf8ff607dbdcc1e9b9af1755371f92a68f706051cc8c37d447c905",
                "sha256:7fed13866cf14bba33e7176717346713881f56d9d2bcebab207f7a036f41b850",
                "sha256:84dee80c15f1b560d55bcfe6d47b27d070b4681c699c572af2e3c7cc90a3b8e0",
                "sha256:88e5fcfb52ee7b911e8bb6d6aa2fd21fbecc674eadd44118a9cc3863f938e735",
                "sha256:8defac2f2ccd6805ebf65f5eeb132adcf2ab57aa11fdf4c0dd5169a004710e7d",
                "sha256:98bae9582248d6cf62321dcb52aaf5d9adf0bad3b40582925ef7c7f0ed85fceb",
                "sha256:98c7086708b163d425c67c7a91bad6e466bb99d797aa64f965e9d25c12111a5e",
                "sha256:9add70b36c5666a2ed02b43b335fe19002ee5235efd4b8a89bfcf9005bebac0d",
                "sha256:9bf40443012702a1d2070043cb6291650a0841ece432556f784f004937f0f32c",
                "sha256:a6a744282b7718a2a62d2ed9d993cad6f5f585605ad352c11de459f4108df0a1",
                "sha256:acf08ac40292838b3cbbb06cfe9b2cb9ec78fce8baca31ddb87aaac2e2dc3bc2",
                "sha256:ade5e387d2ad0d7ebf59146cc00c8044acbd863725f887353a10df825fc8ae21",
                "sha256:b00c1de48212e4cc9603895652c5c410df699856a2853135b3967591e4beebc2",
                "sha256:b1282f8c00509d99fef04d8ba936b156d419be841854fe901d8ae224c59f0be5",
                "sha256:b1dba4527182c95a0db8b6060cc98ac49b9e2f5e64320e2b56e47cb2831978c7",
                "sha256:b2051432115498d3562c084a49bba65d97cf251f5a331c64a12ee7e04dacc51b",
                "sha256:b7d644ddb4dbd407d31ffb699f1d140bc35478da613b441c582aeb7c43838dd8",
                "sha256:ba59edeaa2fc6114428f1637ffff42da1e311e29382d81b339c1817d37ec93c6",
                "sha256:bf5aa3cbcfdf57fa2ee9cd1822c862ef23037f5c832ad09cfea57fa846dec193",
                "sha256:c8716a48d94b06bb3b2524c2b77e055fb313aeb4ea620c8dd03a105574ba704f",
                "sha256:caabedc8323f1e93231b52fc32bdcde6db817623d33e100708d9a68e1f53b26b",
                "sha256:cd5df75523866410809ca100dc9681e301e3c27567cf498077e8551b6d20e42f",
                "sha256:cdb132fc825c38e1aeec2c8aa9338310d29d337bebbd7baa06889d09a60a1fa2",
                "sha256:d53bc011414228441014aa71dbec320c66468c1030aae3a6e29778a3382d96e5",
                "sha256:d73a845f227b0bfe8a7455ee623525ee656a9e2e749e4742706d80a6065d5e2c",
                "sha256:d9be0ba6c527163cbed5e0857c451fcd092ce83947944d6c14bc95441203f032",
                "sha256:e249096428b3ae81b08327a63a485ad0878de3fb939049038579ac0ef61e17e7",
                "sha256:e8313f01ba26fbbe36c7be1966a7b7424942f670f38e666995b88d012765b9be",
                "sha256:feb7b34d6325451ef96bc0e36e1a6c0c1c64bc1fbec4b854f4529e51887b1621"
            ],
            "index": "devpi",
            "markers": "python_version >= '2.7' and python_version not in '3.0, 3.1, 3.2, 3.3'",
            "version": "==1.1.1"
        },
        "mccabe": {
            "hashes": [
                "sha256:ab8a6258860da4b6677da4bd2fe5dc2c659cff31b3ee4f7f5d64e79735b80d42",
                "sha256:dd8d182285a0fe56bace7f45b5e7d1a6ebcbf524e8f3bd87eb0f125271b8831f"
            ],
            "version": "==0.6.1"
        },
        "mysql-connector": {
            "hashes": [
                "sha256:1733e6ce52a049243de3264f1fbc22a852cb35458c4ad739ba88189285efdf32"
            ],
            "index": "devpi",
            "version": "==2.2.9"
        },
        "packaging": {
            "hashes": [
                "sha256:2ddfb553fdf02fb784c234c7ba6ccc288296ceabec964ad2eae3777778130bc5",
                "sha256:eb82c5e3e56209074766e6885bb04b8c38a0c015d0a30036ebe7ece34c9989e9"
            ],
            "markers": "python_version >= '3.7'",
            "version": "==24.0"
        },
        "parse": {
            "hashes": [
                "sha256:09002ca350ad42e76629995f71f7b518670bcf93548bdde3684fd55d2be51975",
                "sha256:76ddd5214255ae711db4c512be636151fbabaa948c6f30115aecc440422ca82c"
            ],
            "version": "==1.20.1"
        },
        "parse-type": {
            "hashes": [
                "sha256:06d39a8b70fde873eb2a131141a0e79bb34a432941fb3d66fad247abafc9766c",
                "sha256:79b1f2497060d0928bc46016793f1fca1057c4aacdf15ef876aa48d75a73a355"
            ],
            "markers": "python_version >= '2.7' and python_version not in '3.0, 3.1, 3.2, 3.3'",
            "version": "==0.6.2"
        },
        "plos-test": {
            "hashes": [
                "sha256:8c4ed1f46b9accedb119234dc1b7f77a5a8ca7b2964031daa6ead7aa8d7bf8dd"
            ],
            "index": "devpi",
            "markers": "python_version >= '3.8'",
            "version": "==1.3.1"
        },
        "pluggy": {
            "hashes": [
                "sha256:2cffa88e94fdc978c4c574f15f9e59b7f4201d439195c3715ca9e2486f1d0cf1",
                "sha256:44e1ad92c8ca002de6377e165f3e0f1be63266ab4d554740532335b9d75ea669"
            ],
            "markers": "python_version >= '3.8'",
            "version": "==1.5.0"
        },
        "proto-plus": {
            "hashes": [
                "sha256:04fa74f6999aee80f0764b9957025cb5ca490d9ea11817b67756722d7a1e700b",
                "sha256:69454f99230466b7a54d877d3b9859b12cc05a955939ec85f4d95839c034f0f1",
                "sha256:89075171ef11988b3fa157f5dbd8b9cf09d65fffee97e29ce403cd8defba19d2",
                "sha256:9126e6de8e8fe1de17fd007090bf2664c10de26e0380e11abfabe698ef986b36",
                "sha256:a829c79e619e1cf632de091013a4173deed13a55f326ef84f05af6f50ff4c82c",
                "sha256:fc297f610c320346f88d397bc214960fa1ed97c3c0f425462132232b90e155b9"
            ],
            "markers": "python_version >= '3.6'",
            "version": "==1.23.0"
        },
        "protobuf": {
            "hashes": [
                "sha256:19b270aeaa0099f16d3ca02628546b8baefe2955bbe23224aaf856134eccf1e4",
                "sha256:209ba4cc916bab46f64e56b85b090607a676f66b473e6b762e6f1d9d591eb2e8",
                "sha256:25b5d0b42fd000320bd7830b349e3b696435f3b329810427a6bcce6a5492cc5c",
                "sha256:7c8daa26095f82482307bc717364e7c13f4f1c99659be82890dcfc215194554d",
                "sha256:c053062984e61144385022e53678fbded7aea14ebb3e0305ae3592fb219ccfa4",
                "sha256:d4198877797a83cbfe9bffa3803602bbe1625dc30d8a097365dbc762e5790faa",
                "sha256:e3c97a1555fd6388f857770ff8b9703083de6bf1f9274a002a332d65fbb56c8c",
                "sha256:e7cb0ae90dd83727f0c0718634ed56837bfeeee29a5f82a7514c03ee1364c019",
                "sha256:f0700d54bcf45424477e46a9f0944155b46fb0639d69728739c0e47bab83f2b9",
                "sha256:f1279ab38ecbfae7e456a108c5c0681e4956d5b1090027c1de0f934dfdb4b35c",
                "sha256:f4f118245c4a087776e0a8408be33cf09f6c547442c00395fbfb116fac2f8ac2"
            ],
            "markers": "python_version >= '3.8'",
            "version": "==4.25.3"
        },
        "py": {
            "hashes": [
                "sha256:51c75c4126074b472f746a24399ad32f6053d1b34b68d2fa41e558e6f4a98719",
                "sha256:607c53218732647dff4acdfcd50cb62615cedf612e72d1724fb1a0cc6405b378"
            ],
            "markers": "python_version >= '2.7' and python_version not in '3.0, 3.1, 3.2, 3.3, 3.4'",
            "version": "==1.11.0"
        },
        "pyasn1": {
            "hashes": [
                "sha256:3a35ab2c4b5ef98e17dfdec8ab074046fbda76e281c5a706ccd82328cfc8f64c",
                "sha256:cca4bb0f2df5504f02f6f8a775b6e416ff9b0b3b16f7ee80b5a3153d9b804473"
            ],
            "markers": "python_version >= '3.8'",
            "version": "==0.6.0"
        },
        "pyasn1-modules": {
            "hashes": [
                "sha256:831dbcea1b177b28c9baddf4c6d1013c24c3accd14a1873fffaa6a2e905f17b6",
                "sha256:be04f15b66c206eed667e0bb5ab27e2b1855ea54a842e5037738099e8ca4ae0b"
            ],
            "markers": "python_version >= '3.8'",
            "version": "==0.4.0"
        },
        "pycodestyle": {
            "hashes": [
                "sha256:95a2219d12372f05704562a14ec30bc76b05a5b297b21a5dfe3f6fac3491ae56",
                "sha256:e40a936c9a450ad81df37f549d676d127b1b66000a6c500caa2b085bc0ca976c"
            ],
            "markers": "python_version >= '2.7' and python_version not in '3.0, 3.1, 3.2, 3.3'",
            "version": "==2.5.0"
        },
        "pyflakes": {
            "hashes": [
                "sha256:17dbeb2e3f4d772725c777fabc446d5634d1038f234e77343108ce445ea69ce0",
                "sha256:d976835886f8c5b31d47970ed689944a0262b5f3afa00a5a7b4dc81e5449f8a2"
            ],
            "markers": "python_version >= '2.7' and python_version not in '3.0, 3.1, 3.2, 3.3'",
            "version": "==2.1.1"
        },
        "pyparsing": {
            "hashes": [
                "sha256:09b60ec311af02f93c66ab2cb65e3ca92c5cb5de5445894982ce9f0928b116f5",
                "sha256:38181feb3a1278f464b7e1d0d647760f7ab08d93f654f886ff528946450adbab",
                "sha256:6f98a7b9397e206d78cc01df10131398f1c8b8510a2f4d97d9abd82e1aacdd80",
                "sha256:d9338df12903bbf5d65a0e4e87c2161968b10d2e489652bb47001d82a9b028b4"
            ],
            "index": "devpi",
            "markers": "python_version >= '2.6' and python_version not in '3.0, 3.1, 3.2, 3.3'",
            "version": "==2.4.2"
        },
        "pyreadline3": {
            "hashes": [
                "sha256:6f3d1f7b8a31ba32b73917cefc1f28cc660562f39aea8646d30bd6eff21f7bae",
                "sha256:b0efb6516fd4fb07b45949053826a62fa4cb353db5be2bbb4a7aa1fdd1e345fb"
            ],
            "markers": "python_version >= '3.8' and sys_platform == 'win32'",
            "version": "==3.4.1"
        },
        "pytest": {
            "hashes": [
                "sha256:131b36680866a76e6781d13f101efb86cf674ebb9762eb70d3082b6f29889e89",
                "sha256:7310f8d27bc79ced999e760ca304d69f6ba6c6649c0b60fb0e04a4a77cacc134"
            ],
            "index": "devpi",
            "markers": "python_version >= '3.6'",
            "version": "==6.2.5"
        },
        "pytest-bdd": {
            "hashes": [
                "sha256:1dcea36d5fb59291a5d3c186f4cbbd04cdb62a304341f9a360a07682ba1aba18",
                "sha256:f894e589c9ee9e6a66c54e4917fafbbd11801fce9ce01e9b56dc15ccc57e4620"
            ],
            "markers": "python_version >= '3.7'",
            "version": "==6.0.1"
        },
        "pytest-flake8": {
            "hashes": [
                "sha256:4d225c13e787471502ff94409dcf6f7927049b2ec251c63b764a4b17447b60c0",
                "sha256:d7e2b6b274a255b7ae35e9224c85294b471a83b76ecb6bd53c337ae977a499af"
            ],
            "index": "devpi",
            "version": "==1.0.4"
        },
        "pytest-forked": {
            "hashes": [
                "sha256:4dafd46a9a600f65d822b8f605133ecf5b3e1941ebb3588e943b4e3eb71a5a3f",
                "sha256:810958f66a91afb1a1e2ae83089d8dc1cd2437ac96b12963042fbb9fb4d16af0"
            ],
            "markers": "python_version >= '3.7'",
            "version": "==1.6.0"
        },
        "pytest-html": {
            "hashes": [
                "sha256:407adfe8c748a6bb7e68a430ebe3766ffe51e43fc5442f78b261229c03078be4",
                "sha256:ce75a166d853dadb8ca4d915f87f9b34349e75e4b1f1b21f378b89fe9d1bb58b"
            ],
            "index": "devpi",
            "markers": "python_version >= '3.6'",
            "version": "==3.0.0"
        },
        "pytest-metadata": {
            "hashes": [
                "sha256:acb739f89fabb3d798c099e9e0c035003062367a441910aaaf2281bc1972ee14",
                "sha256:fcc653f65fe3035b478820b5284fbf0f52803622ee3f60a2faed7a7d3ba1f41e"
            ],
            "markers": "python_version >= '3.7' and python_version < '4.0'",
            "version": "==2.0.4"
        },
        "pytest-repeat": {
            "hashes": [
                "sha256:4474a7d9e9137f6d8cc8ae297f8c4168d33c56dd740aa78cfffe562557e6b96e",
                "sha256:5cd3289745ab3156d43eb9c8e7f7d00a926f3ae5c9cf425bec649b2fe15bad5b"
            ],
            "index": "devpi",
            "markers": "python_version >= '2.7' and python_version not in '3.0, 3.1, 3.2, 3.3, 3.4'",
            "version": "==0.9.1"
        },
        "pytest-rerunfailures": {
            "hashes": [
                "sha256:9e1e1bad51e07642c5bbab809fc1d4ec8eebcb7de86f90f1a26e6ef9de446697",
                "sha256:d31d8e828dfd39363ad99cd390187bf506c7a433a89f15c3126c7d16ab723fe2"
            ],
            "index": "devpi",
            "markers": "python_version >= '3.6'",
            "version": "==10.2"
        },
        "pytest-timeout": {
            "hashes": [
                "sha256:e6f98b54dafde8d70e4088467ff621260b641eb64895c4195b6e5c8f45638112",
                "sha256:fe9c3d5006c053bb9e062d60f641e6a76d6707aedb645350af9593e376fcc717"
            ],
            "index": "devpi",
            "markers": "python_version >= '3.6'",
            "version": "==2.0.2"
        },
        "pytest-xdist": {
            "hashes": [
                "sha256:4580deca3ff04ddb2ac53eba39d76cb5dd5edeac050cb6fbc768b0dd712b4edf",
                "sha256:6fe5c74fec98906deb8f2d2b616b5c782022744978e7bd4695d39c8f42d0ce65"
            ],
            "index": "devpi",
            "markers": "python_version >= '3.6'",
            "version": "==2.5.0"
        },
        "python-dateutil": {
            "hashes": [
                "sha256:7e6584c74aeed623791615e26efd690f29817a27c73085b78e4bad02493df2fb",
                "sha256:c89805f6f4d64db21ed966fda138f8a5ed7a4fdbc1a8ee329ce1b74e3c74da9e"
            ],
            "index": "devpi",
            "markers": "python_version >= '2.7' and python_version not in '3.0, 3.1, 3.2, 3.3'",
            "version": "==2.8.0"
        },
        "pytz": {
            "hashes": [
                "sha256:1c557d7d0e871de1f5ccd5833f60fb2550652da6be2693c1e02300743d21500d",
                "sha256:b02c06db6cf09c12dd25137e563b31700d3b80fcc4ad23abb7a315f2789819be"
            ],
            "index": "devpi",
            "version": "==2019.3"
        },
        "requests": {
            "hashes": [
                "sha256:11e007a8a2aa0323f5a921e9e6a2d7e4e67d9877e85773fba9ba6419025cbeb4",
                "sha256:9cf5292fcd0f598c671cfc1e0d7d1a7f13bb8085e9a590f48c010551dc6c4b31"
            ],
            "index": "devpi",
            "markers": "python_version >= '2.7' and python_version not in '3.0, 3.1, 3.2, 3.3, 3.4'",
            "version": "==2.22.0"
        },
        "rsa": {
            "hashes": [
                "sha256:90260d9058e514786967344d0ef75fa8727eed8a7d2e43ce9f4bcf1b536174f7",
                "sha256:e38464a49c6c85d7f1351b0126661487a7e0a14a50f1675ec50eb34d4f20ef21"
            ],
            "markers": "python_version >= '3.6' and python_version < '4'",
            "version": "==4.9"
        },
        "selenium": {
            "hashes": [
                "sha256:ab192cd046164c40fabcf44b47c66c8b12495142f4a69dcc55ea6eeef096e614",
                "sha256:fdb6b1143d8899e8a32e358ad05bf5d89a480dbac359dbbd341592aa8696dcd1"
            ],
            "index": "devpi",
            "version": "==3.14.1"
        },
        "setuptools": {
            "hashes": [
                "sha256:6c1fccdac05a97e598fb0ae3bbed5904ccb317337a51139dcd51453611bbb987",
                "sha256:c636ac361bc47580504644275c9ad802c50415c7522212252c033bd15f301f32"
            ],
            "markers": "python_version >= '3.8'",
            "version": "==69.5.1"
        },
        "six": {
            "hashes": [
                "sha256:1e61c37477a1626458e36f7b1d82aa5c9b094fa4802892072e49de9c60c4c926",
                "sha256:8abb2f1d86890a2dfb989f9a77cfcfd3e47c2a354b01111771326f8aa26e0254"
            ],
            "markers": "python_version >= '2.7' and python_version not in '3.0, 3.1, 3.2, 3.3'",
            "version": "==1.16.0"
        },
        "smart-getenv": {
            "hashes": [
                "sha256:8e23c0451c2aef3982137f646aebde2fb67f6b106bc57343bf58d615d663eae9"
            ],
            "index": "devpi",
            "version": "==1.1.0"
        },
        "soupsieve": {
            "hashes": [
                "sha256:5663d5a7b3bfaeee0bc4372e7fc48f9cff4940b3eec54a6451cc5299f1097690",
                "sha256:eaa337ff55a1579b6549dc679565eac1e3d000563bcb1c8ab0d0fefbc0c2cdc7"
            ],
            "markers": "python_version >= '3.8'",
            "version": "==2.5"
        },
        "termcolor": {
            "hashes": [
                "sha256:9297c0df9c99445c2412e832e882a7884038a25617c60cea2ad69488d4040d63",
                "sha256:aab9e56047c8ac41ed798fa36d892a37aca6b3e9159f3e0c24bc64a9b3ac7b7a"
            ],
            "index": "devpi",
            "markers": "python_version >= '3.8'",
            "version": "==2.4.0"
        },
        "toml": {
            "hashes": [
                "sha256:806143ae5bfb6a3c6e736a764057db0e6a0e05e338b5630894a5f779cabb4f9b",
                "sha256:b3bda1d108d5dd99f4a20d24d9c348e91c4db7ab1b749200bded2f839ccbe68f"
            ],
            "markers": "python_version >= '2.6' and python_version not in '3.0, 3.1, 3.2, 3.3'",
            "version": "==0.10.2"
        },
        "urllib3": {
            "hashes": [
                "sha256:3de946ffbed6e6746608990594d08faac602528ac7015ac28d33cee6a45b7398",
                "sha256:9a107b99a5393caf59c7aa3c1249c16e6879447533d0887f4336dde834c7be86"
            ],
            "index": "devpi",
            "markers": "python_version >= '2.7' and python_version not in '3.0, 3.1, 3.2, 3.3' and python_version < '4'",
            "version": "==1.25.6"
        },
        "wand": {
            "hashes": [
                "sha256:5ba497e90741a05ebce4603b04ee843150c566482a753554da54dc57d8503bba",
                "sha256:ebc01bccc25dba68414ab55b482341f9ad2b197d7f49d5e724f339bbf63fb6db"
            ],
            "index": "devpi",
            "version": "==0.6.7"
        },
        "wget": {
            "hashes": [
                "sha256:35e630eca2aa50ce998b9b1a127bb26b30dfee573702782aa982f875e3f16061"
            ],
            "index": "devpi",
            "version": "==3.2"
        }
    },
    "develop": {}
}
